# This file is automatically @generated by Cargo.
# It is not intended for manual editing.
version = 4

[[package]]
name = "basement-bridge-client"
version = "0.1.0"

[[package]]
name = "basement-bridge-diagnostics"
version = "0.1.0"

[[package]]
name = "basement-bridge-gui"
version = "0.1.0"
dependencies = [
 "basement-bridge-client",
]

[[package]]
name = "basement-bridge-protocol"
version = "0.1.0"

[[package]]
name = "basement-bridge-relay"
version = "0.1.0"

[[package]]
name = "basement-isaac-injector"
version = "0.1.0"

[[package]]
name = "basement-steam-detector"
version = "0.1.0"
